
Microsoft Visual Studio Solution File, Format Version 12.00
# Visual Studio 15
VisualStudioVersion = 15.0.28010.0
MinimumVisualStudioVersion = 10.0.40219.1
Project("{FAE04EC0-301F-11D3-BF4B-00C04F79EFBC}") = "BasicKnowledge", "BasicKnowledge\BasicKnowledge.csproj", "{72826551-490F-4E9F-B1F5-EF4DC2D53BA0}"
EndProject
Global
	GlobalSection(SolutionConfigurationPlatforms) = preSolution
		Debug|Any CPU = Debug|Any CPU
		Release|Any CPU = Release|Any CPU
	EndGlobalSection
	GlobalSection(ProjectConfigurationPlatforms) = postSolution
		{72826551-490F-4E9F-B1F5-EF4DC2D53BA0}.Debug|Any CPU.ActiveCfg = Debug|Any CPU
		{72826551-490F-4E9F-B1F5-EF4DC2D53BA0}.Debug|Any CPU.Build.0 = Debug|Any CPU
		{72826551-490F-4E9F-B1F5-EF4DC2D53BA0}.Release|Any CPU.ActiveCfg = Release|Any CPU
		{72826551-490F-4E9F-B1F5-EF4DC2D53BA0}.Release|Any CPU.Build.0 = Release|Any CPU
	EndGlobalSection
	GlobalSection(SolutionProperties) = preSolution
		HideSolutionNode = FALSE
	EndGlobalSection
	GlobalSection(ExtensibilityGlobals) = postSolution
		SolutionGuid = {C816C60B-F436-4000-9DF0-62AAD4319712}
	EndGlobalSection
EndGlobal
